
Microsoft Visual Studio Solution File, Format Version 12.00
# Visual Studio 2012
Project("{FAE04EC0-301F-11D3-BF4B-00C04F79EFBC}") = "WindowsFormsApplication7", "WindowsFormsApplication7\WindowsFormsApplication7.csproj", "{83002DBD-3B4F-4FF0-BD3C-773CD0B674E5}"
EndProject
Global
	GlobalSection(SolutionConfigurationPlatforms) = preSolution
		Debug|Any CPU = Debug|Any CPU
		Release|Any CPU = Release|Any CPU
	EndGlobalSection
	GlobalSection(ProjectConfigurationPlatforms) = postSolution
		{83002DBD-3B4F-4FF0-BD3C-773CD0B674E5}.Debug|Any CPU.ActiveCfg = Debug|Any CPU
		{83002DBD-3B4F-4FF0-BD3C-773CD0B674E5}.Debug|Any CPU.Build.0 = Debug|Any CPU
		{83002DBD-3B4F-4FF0-BD3C-773CD0B674E5}.Release|Any CPU.ActiveCfg = Release|Any CPU
		{83002DBD-3B4F-4FF0-BD3C-773CD0B674E5}.Release|Any CPU.Build.0 = Release|Any CPU
	EndGlobalSection
	GlobalSection(SolutionProperties) = preSolution
		HideSolutionNode = FALSE
	EndGlobalSection
EndGlobal
